// !$*UTF8*$!
{
	archiveVersion = 1;
	classes = {
	};
	objectVersion = 46;
	objects = {

/* Begin PBXBuildFile section */
		69C811201B9A58B9006882AE /* main.m in Sources */ = {isa = PBXBuildFile; fileRef = 69C8111F1B9A58B9006882AE /* main.m */; };
		69C811231B9A58B9006882AE /* AppDelegate.m in Sources */ = {isa = PBXBuildFile; fileRef = 69C811221B9A58B9006882AE /* AppDelegate.m */; };
		69C8112B1B9A58B9006882AE /* Images.xcassets in Resources */ = {isa = PBXBuildFile; fileRef = 69C8112A1B9A58B9006882AE /* Images.xcassets */; };
		69C8113A1B9A58B9006882AE /* alarm0905Tests.m in Sources */ = {isa = PBXBuildFile; fileRef = 69C811391B9A58B9006882AE /* alarm0905Tests.m */; };
		69C811451B9A5FC8006882AE /* AlarmViewController.m in Sources */ = {isa = PBXBuildFile; fileRef = 69C811441B9A5FC8006882AE /* AlarmViewController.m */; };
		69C8114D1B9A7312006882AE /* SetViewController.xib in Resources */ = {isa = PBXBuildFile; fileRef = 69C8114B1B9A7312006882AE /* SetViewController.xib */; };
		69C811501B9DD0B8006882AE /* ListViewController.m in Sources */ = {isa = PBXBuildFile; fileRef = 69C8114F1B9DD0B8006882AE /* ListViewController.m */; };
		69C811521B9DD231006882AE /* AlarmViewController.xib in Resources */ = {isa = PBXBuildFile; fileRef = 69C811511B9DD231006882AE /* AlarmViewController.xib */; };
		69C811551B9DD399006882AE /* AlarmItem.m in Sources */ = {isa = PBXBuildFile; fileRef = 69C811541B9DD399006882AE /* AlarmItem.m */; };
		69C811581B9DDF26006882AE /* AlarmItemStore.m in Sources */ = {isa = PBXBuildFile; fileRef = 69C811571B9DDF26006882AE /* AlarmItemStore.m */; };
		69C8115C1BA43320006882AE /* Default-568h@2x.png in Resources */ = {isa = PBXBuildFile; fileRef = 69C8115B1BA43320006882AE /* Default-568h@2x.png */; };
		69C8115F1BA85663006882AE /* AlarmQuestion.m in Sources */ = {isa = PBXBuildFile; fileRef = 69C8115E1BA85663006882AE /* AlarmQuestion.m */; };
		69CB7A3F1C01C5FB00168154 /* SetViewController.m in Sources */ = {isa = PBXBuildFile; fileRef = 69C8114A1B9A7312006882AE /* SetViewController.m */; };
		69CFAE071C101FD6003B643F /* littlestar.wav in Resources */ = {isa = PBXBuildFile; fileRef = 69CFAE061C101FD6003B643F /* littlestar.wav */; };
		69DE7F461C13F7720095D4D0 /* UIKit.framework in Frameworks */ = {isa = PBXBuildFile; fileRef = 69DE7F451C13F7720095D4D0 /* UIKit.framework */; };
		69E53F191C6F74EF00C27987 /* shuaixing.jpg in Resources */ = {isa = PBXBuildFile; fileRef = 69E53F181C6F74EF00C27987 /* shuaixing.jpg */; };
		69E53F1B1C6F750000C27987 /* xiaoxingxing.mp3 in Resources */ = {isa = PBXBuildFile; fileRef = 69E53F1A1C6F750000C27987 /* xiaoxingxing.mp3 */; };
/* End PBXBuildFile section */

/* Begin PBXContainerItemProxy section */
		69C811341B9A58B9006882AE /* PBXContainerItemProxy */ = {
			isa = PBXContainerItemProxy;
			containerPortal = 69C811121B9A58B9006882AE /* Project object */;
			proxyType = 1;
			remoteGlobalIDString = 69C811191B9A58B9006882AE;
			remoteInfo = alarm0905;
		};
/* End PBXContainerItemProxy section */

/* Begin PBXFileReference section */
		69C8111A1B9A58B9006882AE /* MathRing.app */ = {isa = PBXFileReference; explicitFileType = wrapper.application; includeInIndex = 0; path = MathRing.app; sourceTree = BUILT_PRODUCTS_DIR; };
		69C8111E1B9A58B9006882AE /* Info.plist */ = {isa = PBXFileReference; lastKnownFileType = text.plist.xml; path = Info.plist; sourceTree = "<group>"; };
		69C8111F1B9A58B9006882AE /* main.m */ = {isa = PBXFileReference; lastKnownFileType = sourcecode.c.objc; path = main.m; sourceTree = "<group>"; };
		69C811211B9A58B9006882AE /* AppDelegate.h */ = {isa = PBXFileReference; lastKnownFileType = sourcecode.c.h; path = AppDelegate.h; sourceTree = "<group>"; };
		69C811221B9A58B9006882AE /* AppDelegate.m */ = {isa = PBXFileReference; lastKnownFileType = sourcecode.c.objc; path = AppDelegate.m; sourceTree = "<group>"; };
		69C8112A1B9A58B9006882AE /* Images.xcassets */ = {isa = PBXFileReference; lastKnownFileType = folder.assetcatalog; path = Images.xcassets; sourceTree = "<group>"; };
		69C811331B9A58B9006882AE /* alarm0905Tests.xctest */ = {isa = PBXFileReference; explicitFileType = wrapper.cfbundle; includeInIndex = 0; path = alarm0905Tests.xctest; sourceTree = BUILT_PRODUCTS_DIR; };
		69C811381B9A58B9006882AE /* Info.plist */ = {isa = PBXFileReference; lastKnownFileType = text.plist.xml; path = Info.plist; sourceTree = "<group>"; };
		69C811391B9A58B9006882AE /* alarm0905Tests.m */ = {isa = PBXFileReference; lastKnownFileType = sourcecode.c.objc; path = alarm0905Tests.m; sourceTree = "<group>"; };
		69C811431B9A5FC8006882AE /* AlarmViewController.h */ = {isa = PBXFileReference; fileEncoding = 4; lastKnownFileType = sourcecode.c.h; path = AlarmViewController.h; sourceTree = "<group>"; };
		69C811441B9A5FC8006882AE /* AlarmViewController.m */ = {isa = PBXFileReference; fileEncoding = 4; lastKnownFileType = sourcecode.c.objc; path = AlarmViewController.m; sourceTree = "<group>"; };
		69C811491B9A7312006882AE /* SetViewController.h */ = {isa = PBXFileReference; fileEncoding = 4; lastKnownFileType = sourcecode.c.h; path = SetViewController.h; sourceTree = "<group>"; };
		69C8114A1B9A7312006882AE /* SetViewController.m */ = {isa = PBXFileReference; fileEncoding = 4; lastKnownFileType = sourcecode.c.objc; path = SetViewController.m; sourceTree = "<group>"; };
		69C8114B1B9A7312006882AE /* SetViewController.xib */ = {isa = PBXFileReference; fileEncoding = 4; lastKnownFileType = file.xib; path = SetViewController.xib; sourceTree = "<group>"; };
		69C8114E1B9DD0B8006882AE /* ListViewController.h */ = {isa = PBXFileReference; fileEncoding = 4; lastKnownFileType = sourcecode.c.h; path = ListViewController.h; sourceTree = "<group>"; };
		69C8114F1B9DD0B8006882AE /* ListViewController.m */ = {isa = PBXFileReference; fileEncoding = 4; lastKnownFileType = sourcecode.c.objc; path = ListViewController.m; sourceTree = "<group>"; };
		69C811511B9DD231006882AE /* AlarmViewController.xib */ = {isa = PBXFileReference; fileEncoding = 4; lastKnownFileType = file.xib; path = AlarmViewController.xib; sourceTree = "<group>"; };
		69C811531B9DD38F006882AE /* AlarmItem.h */ = {isa = PBXFileReference; fileEncoding = 4; lastKnownFileType = sourcecode.c.h; path = AlarmItem.h; sourceTree = "<group>"; };
		69C811541B9DD399006882AE /* AlarmItem.m */ = {isa = PBXFileReference; fileEncoding = 4; lastKnownFileType = sourcecode.c.objc; path = AlarmItem.m; sourceTree = "<group>"; };
		69C811561B9DDF18006882AE /* AlarmItemStore.h */ = {isa = PBXFileReference; fileEncoding = 4; lastKnownFileType = sourcecode.c.h; path = AlarmItemStore.h; sourceTree = "<group>"; };
		69C811571B9DDF26006882AE /* AlarmItemStore.m */ = {isa = PBXFileReference; fileEncoding = 4; lastKnownFileType = sourcecode.c.objc; path = AlarmItemStore.m; sourceTree = "<group>"; };
		69C8115B1BA43320006882AE /* Default-568h@2x.png */ = {isa = PBXFileReference; lastKnownFileType = image.png; path = "Default-568h@2x.png"; sourceTree = "<group>"; };
		69C8115D1BA85663006882AE /* AlarmQuestion.h */ = {isa = PBXFileReference; fileEncoding = 4; lastKnownFileType = sourcecode.c.h; path = AlarmQuestion.h; sourceTree = "<group>"; };
		69C8115E1BA85663006882AE /* AlarmQuestion.m */ = {isa = PBXFileReference; fileEncoding = 4; lastKnownFileType = sourcecode.c.objc; path = AlarmQuestion.m; sourceTree = "<group>"; };
		69CFAE061C101FD6003B643F /* littlestar.wav */ = {isa = PBXFileReference; lastKnownFileType = audio.wav; name = littlestar.wav; path = "../../../../Music/iTunes/iTunes Media/Music/群星/Unknown Album/littlestar.wav"; sourceTree = "<group>"; };
		69DE7F451C13F7720095D4D0 /* UIKit.framework */ = {isa = PBXFileReference; lastKnownFileType = wrapper.framework; name = UIKit.framework; path = System/Library/Frameworks/UIKit.framework; sourceTree = SDKROOT; };
		69E53F181C6F74EF00C27987 /* shuaixing.jpg */ = {isa = PBXFileReference; lastKnownFileType = image.jpeg; name = shuaixing.jpg; path = "../../../其他/shuaixing.jpg"; sourceTree = "<group>"; };
		69E53F1A1C6F750000C27987 /* xiaoxingxing.mp3 */ = {isa = PBXFileReference; lastKnownFileType = audio.mp3; name = xiaoxingxing.mp3; path = "../../../其他/xiaoxingxing.mp3"; sourceTree = "<group>"; };
/* End PBXFileReference section */

/* Begin PBXFrameworksBuildPhase section */
		69C811171B9A58B9006882AE /* Frameworks */ = {
			isa = PBXFrameworksBuildPhase;
			buildActionMask = 2147483647;
			files = (
				69DE7F461C13F7720095D4D0 /* UIKit.framework in Frameworks */,
			);
			runOnlyForDeploymentPostprocessing = 0;
		};
		69C811301B9A58B9006882AE /* Frameworks */ = {
			isa = PBXFrameworksBuildPhase;
			buildActionMask = 2147483647;
			files = (
			);
			runOnlyForDeploymentPostprocessing = 0;
		};
/* End PBXFrameworksBuildPhase section */

/* Begin PBXGroup section */
		69C811111B9A58B9006882AE = {
			isa = PBXGroup;
			children = (
				69DE7F451C13F7720095D4D0 /* UIKit.framework */,
				69C8115B1BA43320006882AE /* Default-568h@2x.png */,
				69C8111C1B9A58B9006882AE /* alarm0905 */,
				69C811361B9A58B9006882AE /* alarm0905Tests */,
				69C8111B1B9A58B9006882AE /* Products */,
			);
			sourceTree = "<group>";
		};
		69C8111B1B9A58B9006882AE /* Products */ = {
			isa = PBXGroup;
			children = (
				69C8111A1B9A58B9006882AE /* MathRing.app */,
				69C811331B9A58B9006882AE /* alarm0905Tests.xctest */,
			);
			name = Products;
			sourceTree = "<group>";
		};
		69C8111C1B9A58B9006882AE /* alarm0905 */ = {
			isa = PBXGroup;
			children = (
				69C811211B9A58B9006882AE /* AppDelegate.h */,
				69C811221B9A58B9006882AE /* AppDelegate.m */,
				69C811561B9DDF18006882AE /* AlarmItemStore.h */,
				69C811571B9DDF26006882AE /* AlarmItemStore.m */,
				69C8115D1BA85663006882AE /* AlarmQuestion.h */,
				69C8115E1BA85663006882AE /* AlarmQuestion.m */,
				69C811491B9A7312006882AE /* SetViewController.h */,
				69C8114A1B9A7312006882AE /* SetViewController.m */,
				69C8114B1B9A7312006882AE /* SetViewController.xib */,
				69C811531B9DD38F006882AE /* AlarmItem.h */,
				69C811541B9DD399006882AE /* AlarmItem.m */,
				69C8114E1B9DD0B8006882AE /* ListViewController.h */,
				69C8114F1B9DD0B8006882AE /* ListViewController.m */,
				69C811431B9A5FC8006882AE /* AlarmViewController.h */,
				69C811441B9A5FC8006882AE /* AlarmViewController.m */,
				69C811511B9DD231006882AE /* AlarmViewController.xib */,
				69C8112A1B9A58B9006882AE /* Images.xcassets */,
				69C8111D1B9A58B9006882AE /* Supporting Files */,
			);
			path = alarm0905;
			sourceTree = "<group>";
		};
		69C8111D1B9A58B9006882AE /* Supporting Files */ = {
			isa = PBXGroup;
			children = (
				69E53F181C6F74EF00C27987 /* shuaixing.jpg */,
				69E53F1A1C6F750000C27987 /* xiaoxingxing.mp3 */,
				69CFAE061C101FD6003B643F /* littlestar.wav */,
				69C8111E1B9A58B9006882AE /* Info.plist */,
				69C8111F1B9A58B9006882AE /* main.m */,
			);
			name = "Supporting Files";
			sourceTree = "<group>";
		};
		69C811361B9A58B9006882AE /* alarm0905Tests */ = {
			isa = PBXGroup;
			children = (
				69C811391B9A58B9006882AE /* alarm0905Tests.m */,
				69C811371B9A58B9006882AE /* Supporting Files */,
			);
			path = alarm0905Tests;
			sourceTree = "<group>";
		};
		69C811371B9A58B9006882AE /* Supporting Files */ = {
			isa = PBXGroup;
			children = (
				69C811381B9A58B9006882AE /* Info.plist */,
			);
			name = "Supporting Files";
			sourceTree = "<group>";
		};
/* End PBXGroup section */

/* Begin PBXNativeTarget section */
		69C811191B9A58B9006882AE /* alarm0905 */ = {
			isa = PBXNativeTarget;
			buildConfigurationList = 69C8113D1B9A58B9006882AE /* Build configuration list for PBXNativeTarget "alarm0905" */;
			buildPhases = (
				69C811161B9A58B9006882AE /* Sources */,
				69C811171B9A58B9006882AE /* Frameworks */,
				69C811181B9A58B9006882AE /* Resources */,
			);
			buildRules = (
			);
			dependencies = (
			);
			name = alarm0905;
			productName = alarm0905;
			productReference = 69C8111A1B9A58B9006882AE /* MathRing.app */;
			productType = "com.apple.product-type.application";
		};
		69C811321B9A58B9006882AE /* alarm0905Tests */ = {
			isa = PBXNativeTarget;
			buildConfigurationList = 69C811401B9A58B9006882AE /* Build configuration list for PBXNativeTarget "alarm0905Tests" */;
			buildPhases = (
				69C8112F1B9A58B9006882AE /* Sources */,
				69C811301B9A58B9006882AE /* Frameworks */,
				69C811311B9A58B9006882AE /* Resources */,
			);
			buildRules = (
			);
			dependencies = (
				69C811351B9A58B9006882AE /* PBXTargetDependency */,
			);
			name = alarm0905Tests;
			productName = alarm0905Tests;
			productReference = 69C811331B9A58B9006882AE /* alarm0905Tests.xctest */;
			productType = "com.apple.product-type.bundle.unit-test";
		};
/* End PBXNativeTarget section */

/* Begin PBXProject section */
		69C811121B9A58B9006882AE /* Project object */ = {
			isa = PBXProject;
			attributes = {
				LastUpgradeCheck = 0630;
				ORGANIZATIONNAME = "Zhixue Li";
				TargetAttributes = {
					69C811191B9A58B9006882AE = {
						CreatedOnToolsVersion = 6.3.1;
						DevelopmentTeam = EJKT57U76L;
					};
					69C811321B9A58B9006882AE = {
						CreatedOnToolsVersion = 6.3.1;
						TestTargetID = 69C811191B9A58B9006882AE;
					};
				};
			};
			buildConfigurationList = 69C811151B9A58B9006882AE /* Build configuration list for PBXProject "alarm0905" */;
			compatibilityVersion = "Xcode 3.2";
			developmentRegion = English;
			hasScannedForEncodings = 0;
			knownRegions = (
				en,
				Base,
			);
			mainGroup = 69C811111B9A58B9006882AE;
			productRefGroup = 69C8111B1B9A58B9006882AE /* Products */;
			projectDirPath = "";
			projectRoot = "";
			targets = (
				69C811191B9A58B9006882AE /* alarm0905 */,
				69C811321B9A58B9006882AE /* alarm0905Tests */,
			);
		};
/* End PBXProject section */

/* Begin PBXResourcesBuildPhase section */
		69C811181B9A58B9006882AE /* Resources */ = {
			isa = PBXResourcesBuildPhase;
			buildActionMask = 2147483647;
			files = (
				69C8112B1B9A58B9006882AE /* Images.xcassets in Resources */,
				69C8115C1BA43320006882AE /* Default-568h@2x.png in Resources */,
				69E53F191C6F74EF00C27987 /* shuaixing.jpg in Resources */,
				69C811521B9DD231006882AE /* AlarmViewController.xib in Resources */,
				69CFAE071C101FD6003B643F /* littlestar.wav in Resources */,
				69C8114D1B9A7312006882AE /* SetViewController.xib in Resources */,
				69E53F1B1C6F750000C27987 /* xiaoxingxing.mp3 in Resources */,
			);
			runOnlyForDeploymentPostprocessing = 0;
		};
		69C811311B9A58B9006882AE /* Resources */ = {
			isa = PBXResourcesBuildPhase;
			buildActionMask = 2147483647;
			files = (
			);
			runOnlyForDeploymentPostprocessing = 0;
		};
/* End PBXResourcesBuildPhase section */

/* Begin PBXSourcesBuildPhase section */
		69C811161B9A58B9006882AE /* Sources */ = {
			isa = PBXSourcesBuildPhase;
			buildActionMask = 2147483647;
			files = (
				69C811501B9DD0B8006882AE /* ListViewController.m in Sources */,
				69CB7A3F1C01C5FB00168154 /* SetViewController.m in Sources */,
				69C811551B9DD399006882AE /* AlarmItem.m in Sources */,
				69C811451B9A5FC8006882AE /* AlarmViewController.m in Sources */,
				69C811581B9DDF26006882AE /* AlarmItemStore.m in Sources */,
				69C811231B9A58B9006882AE /* AppDelegate.m in Sources */,
				69C811201B9A58B9006882AE /* main.m in Sources */,
				69C8115F1BA85663006882AE /* AlarmQuestion.m in Sources */,
			);
			runOnlyForDeploymentPostprocessing = 0;
		};
		69C8112F1B9A58B9006882AE /* Sources */ = {
			isa = PBXSourcesBuildPhase;
			buildActionMask = 2147483647;
			files = (
				69C8113A1B9A58B9006882AE /* alarm0905Tests.m in Sources */,
			);
			runOnlyForDeploymentPostprocessing = 0;
		};
/* End PBXSourcesBuildPhase section */

/* Begin PBXTargetDependency section */
		69C811351B9A58B9006882AE /* PBXTargetDependency */ = {
			isa = PBXTargetDependency;
			target = 69C811191B9A58B9006882AE /* alarm0905 */;
			targetProxy = 69C811341B9A58B9006882AE /* PBXContainerItemProxy */;
		};
/* End PBXTargetDependency section */

/* Begin XCBuildConfiguration section */
		69C8113B1B9A58B9006882AE /* Debug */ = {
			isa = XCBuildConfiguration;
			buildSettings = {
				ALWAYS_SEARCH_USER_PATHS = NO;
				CLANG_CXX_LANGUAGE_STANDARD = "gnu++0x";
				CLANG_CXX_LIBRARY = "libc++";
				CLANG_ENABLE_MODULES = YES;
				CLANG_ENABLE_OBJC_ARC = YES;
				CLANG_WARN_BOOL_CONVERSION = YES;
				CLANG_WARN_CONSTANT_CONVERSION = YES;
				CLANG_WARN_DIRECT_OBJC_ISA_USAGE = YES_ERROR;
				CLANG_WARN_EMPTY_BODY = YES;
				CLANG_WARN_ENUM_CONVERSION = YES;
				CLANG_WARN_INT_CONVERSION = YES;
				CLANG_WARN_OBJC_ROOT_CLASS = YES_ERROR;
				CLANG_WARN_UNREACHABLE_CODE = YES;
				CLANG_WARN__DUPLICATE_METHOD_MATCH = YES;
				"CODE_SIGN_IDENTITY[sdk=iphoneos*]" = "iPhone Developer";
				COPY_PHASE_STRIP = NO;
				DEBUG_INFORMATION_FORMAT = "dwarf-with-dsym";
				ENABLE_STRICT_OBJC_MSGSEND = YES;
				GCC_C_LANGUAGE_STANDARD = gnu99;
				GCC_DYNAMIC_NO_PIC = NO;
				GCC_NO_COMMON_BLOCKS = YES;
				GCC_OPTIMIZATION_LEVEL = 0;
				GCC_PREPROCESSOR_DEFINITIONS = (
					"DEBUG=1",
					"$(inherited)",
				);
				GCC_SYMBOLS_PRIVATE_EXTERN = NO;
				GCC_WARN_64_TO_32_BIT_CONVERSION = YES;
				GCC_WARN_ABOUT_RETURN_TYPE = YES_ERROR;
				GCC_WARN_UNDECLARED_SELECTOR = YES;
				GCC_WARN_UNINITIALIZED_AUTOS = YES_AGGRESSIVE;
				GCC_WARN_UNUSED_FUNCTION = YES;
				GCC_WARN_UNUSED_VARIABLE = YES;
				IPHONEOS_DEPLOYMENT_TARGET = 8.3;
				MTL_ENABLE_DEBUG_INFO = YES;
				New_Setting = "";
				ONLY_ACTIVE_ARCH = YES;
				SDKROOT = iphoneos;
			};
			name = Debug;
		};
		69C8113C1B9A58B9006882AE /* Release */ = {
			isa = XCBuildConfiguration;
			buildSettings = {
				ALWAYS_SEARCH_USER_PATHS = NO;
				CLANG_CXX_LANGUAGE_STANDARD = "gnu++0x";
				CLANG_CXX_LIBRARY = "libc++";
				CLANG_ENABLE_MODULES = YES;
				CLANG_ENABLE_OBJC_ARC = YES;
				CLANG_WARN_BOOL_CONVERSION = YES;
				CLANG_WARN_CONSTANT_CONVERSION = YES;
				CLANG_WARN_DIRECT_OBJC_ISA_USAGE = YES_ERROR;
				CLANG_WARN_EMPTY_BODY = YES;
				CLANG_WARN_ENUM_CONVERSION = YES;
				CLANG_WARN_INT_CONVERSION = YES;
				CLANG_WARN_OBJC_ROOT_CLASS = YES_ERROR;
				CLANG_WARN_UNREACHABLE_CODE = YES;
				CLANG_WARN__DUPLICATE_METHOD_MATCH = YES;
				"CODE_SIGN_IDENTITY[sdk=iphoneos*]" = "iPhone Developer";
				COPY_PHASE_STRIP = NO;
				DEBUG_INFORMATION_FORMAT = "dwarf-with-dsym";
				ENABLE_NS_ASSERTIONS = NO;
				ENABLE_STRICT_OBJC_MSGSEND = YES;
				GCC_C_LANGUAGE_STANDARD = gnu99;
				GCC_NO_COMMON_BLOCKS = YES;
				GCC_WARN_64_TO_32_BIT_CONVERSION = YES;
				GCC_WARN_ABOUT_RETURN_TYPE = YES_ERROR;
				GCC_WARN_UNDECLARED_SELECTOR = YES;
				GCC_WARN_UNINITIALIZED_AUTOS = YES_AGGRESSIVE;
				GCC_WARN_UNUSED_FUNCTION = YES;
				GCC_WARN_UNUSED_VARIABLE = YES;
				IPHONEOS_DEPLOYMENT_TARGET = 8.3;
				MTL_ENABLE_DEBUG_INFO = NO;
				New_Setting = "";
				SDKROOT = iphoneos;
				VALIDATE_PRODUCT = YES;
			};
			name = Release;
		};
		69C8113E1B9A58B9006882AE /* Debug */ = {
			isa = XCBuildConfiguration;
			buildSettings = {
				ASSETCATALOG_COMPILER_APPICON_NAME = AppIcon;
				CODE_SIGN_IDENTITY = "iPhone Distribution: Zhixue Li (EJKT57U76L)";
				INFOPLIST_FILE = alarm0905/Info.plist;
				IPHONEOS_DEPLOYMENT_TARGET = 9.1;
				LD_RUNPATH_SEARCH_PATHS = "$(inherited) @executable_path/Frameworks";
				PRODUCT_BUNDLE_IDENTIFIER = com.schcat.mathalarm;
				PRODUCT_MODULE_NAME = MathRing;
				PRODUCT_NAME = MathRing;
				PROVISIONING_PROFILE = "9e270fbc-438f-4f5a-b68f-c6757d74a46c";
			};
			name = Debug;
		};
		69C8113F1B9A58B9006882AE /* Release */ = {
			isa = XCBuildConfiguration;
			buildSettings = {
				ASSETCATALOG_COMPILER_APPICON_NAME = AppIcon;
				CODE_SIGN_IDENTITY = "iPhone Distribution: Zhixue Li (EJKT57U76L)";
				INFOPLIST_FILE = alarm0905/Info.plist;
				IPHONEOS_DEPLOYMENT_TARGET = 9.1;
				LD_RUNPATH_SEARCH_PATHS = "$(inherited) @executable_path/Frameworks";
				PRODUCT_BUNDLE_IDENTIFIER = com.schcat.mathalarm;
				PRODUCT_MODULE_NAME = MathRing;
				PRODUCT_NAME = MathRing;
				PROVISIONING_PROFILE = "9e270fbc-438f-4f5a-b68f-c6757d74a46c";
			};
			name = Release;
		};
		69C811411B9A58B9006882AE /* Debug */ = {
			isa = XCBuildConfiguration;
			buildSettings = {
				BUNDLE_LOADER = "$(TEST_HOST)";
				FRAMEWORK_SEARCH_PATHS = (
					"$(SDKROOT)/Developer/Library/Frameworks",
					"$(inherited)",
				);
				GCC_PREPROCESSOR_DEFINITIONS = (
					"DEBUG=1",
					"$(inherited)",
				);
				INFOPLIST_FILE = alarm0905Tests/Info.plist;
				LD_RUNPATH_SEARCH_PATHS = "$(inherited) @executable_path/Frameworks @loader_path/Frameworks";
				PRODUCT_NAME = "$(TARGET_NAME)";
				TEST_HOST = "$(BUILT_PRODUCTS_DIR)/alarm0905.app/alarm0905";
			};
			name = Debug;
		};
		69C811421B9A58B9006882AE /* Release */ = {
			isa = XCBuildConfiguration;
			buildSettings = {
				BUNDLE_LOADER = "$(TEST_HOST)";
				FRAMEWORK_SEARCH_PATHS = (
					"$(SDKROOT)/Developer/Library/Frameworks",
					"$(inherited)",
				);
				INFOPLIST_FILE = alarm0905Tests/Info.plist;
				LD_RUNPATH_SEARCH_PATHS = "$(inherited) @executable_path/Frameworks @loader_path/Frameworks";
				PRODUCT_NAME = "$(TARGET_NAME)";
				TEST_HOST = "$(BUILT_PRODUCTS_DIR)/alarm0905.app/alarm0905";
			};
			name = Release;
		};
/* End XCBuildConfiguration section */

/* Begin XCConfigurationList section */
		69C811151B9A58B9006882AE /* Build configuration list for PBXProject "alarm0905" */ = {
			isa = XCConfigurationList;
			buildConfigurations = (
				69C8113B1B9A58B9006882AE /* Debug */,
				69C8113C1B9A58B9006882AE /* Release */,
			);
			defaultConfigurationIsVisible = 0;
			defaultConfigurationName = Release;
		};
		69C8113D1B9A58B9006882AE /* Build configuration list for PBXNativeTarget "alarm0905" */ = {
			isa = XCConfigurationList;
			buildConfigurations = (
				69C8113E1B9A58B9006882AE /* Debug */,
				69C8113F1B9A58B9006882AE /* Release */,
			);
			defaultConfigurationIsVisible = 0;
			defaultConfigurationName = Release;
		};
		69C811401B9A58B9006882AE /* Build configuration list for PBXNativeTarget "alarm0905Tests" */ = {
			isa = XCConfigurationList;
			buildConfigurations = (
				69C811411B9A58B9006882AE /* Debug */,
				69C811421B9A58B9006882AE /* Release */,
			);
			defaultConfigurationIsVisible = 0;
			defaultConfigurationName = Release;
		};
/* End XCConfigurationList section */
	};
	rootObject = 69C811121B9A58B9006882AE /* Project object */;
}
